
Microsoft Visual Studio Solution File, Format Version 12.00
# Visual Studio Version 16
VisualStudioVersion = 16.0.30128.74
MinimumVisualStudioVersion = 10.0.40219.1
Project("{FAE04EC0-301F-11D3-BF4B-00C04F79EFBC}") = "Personeelsdienst", "Personeelsdienst\Personeelsdienst.csproj", "{E7E3C21D-43C3-4EA9-A116-FAB9C81ABD76}"
EndProject
Global
	GlobalSection(SolutionConfigurationPlatforms) = preSolution
		Debug|Any CPU = Debug|Any CPU
		Release|Any CPU = Release|Any CPU
	EndGlobalSection
	GlobalSection(ProjectConfigurationPlatforms) = postSolution
		{E7E3C21D-43C3-4EA9-A116-FAB9C81ABD76}.Debug|Any CPU.ActiveCfg = Debug|Any CPU
		{E7E3C21D-43C3-4EA9-A116-FAB9C81ABD76}.Debug|Any CPU.Build.0 = Debug|Any CPU
		{E7E3C21D-43C3-4EA9-A116-FAB9C81ABD76}.Release|Any CPU.ActiveCfg = Release|Any CPU
		{E7E3C21D-43C3-4EA9-A116-FAB9C81ABD76}.Release|Any CPU.Build.0 = Release|Any CPU
	EndGlobalSection
	GlobalSection(SolutionProperties) = preSolution
		HideSolutionNode = FALSE
	EndGlobalSection
	GlobalSection(ExtensibilityGlobals) = postSolution
		SolutionGuid = {5FFF79B9-EE3E-4879-8267-C690ED8AC4FF}
	EndGlobalSection
EndGlobal
